
Microsoft Visual Studio Solution File, Format Version 12.00
# Visual Studio 15
VisualStudioVersion = 15.0.28307.1000
MinimumVisualStudioVersion = 10.0.40219.1
Project("{FAE04EC0-301F-11D3-BF4B-00C04F79EFBC}") = "Urlcorto", "Urlcorto\Urlcorto.csproj", "{09AC18D8-53B3-4041-A6F8-C79C51E1DBDE}"
EndProject
Global
	GlobalSection(SolutionConfigurationPlatforms) = preSolution
		Debug|Any CPU = Debug|Any CPU
		Release|Any CPU = Release|Any CPU
	EndGlobalSection
	GlobalSection(ProjectConfigurationPlatforms) = postSolution
		{09AC18D8-53B3-4041-A6F8-C79C51E1DBDE}.Debug|Any CPU.ActiveCfg = Debug|Any CPU
		{09AC18D8-53B3-4041-A6F8-C79C51E1DBDE}.Debug|Any CPU.Build.0 = Debug|Any CPU
		{09AC18D8-53B3-4041-A6F8-C79C51E1DBDE}.Release|Any CPU.ActiveCfg = Release|Any CPU
		{09AC18D8-53B3-4041-A6F8-C79C51E1DBDE}.Release|Any CPU.Build.0 = Release|Any CPU
	EndGlobalSection
	GlobalSection(SolutionProperties) = preSolution
		HideSolutionNode = FALSE
	EndGlobalSection
	GlobalSection(ExtensibilityGlobals) = postSolution
		SolutionGuid = {58F3513F-C282-4F44-ADD2-FECC118243F6}
	EndGlobalSection
EndGlobal
